
Microsoft Visual Studio Solution File, Format Version 12.00
# Visual Studio 15
VisualStudioVersion = 15.0.27703.2042
MinimumVisualStudioVersion = 10.0.40219.1
Project("{FAE04EC0-301F-11D3-BF4B-00C04F79EFBC}") = "JoesECommerce", "JoesECommerce\JoesECommerce.csproj", "{1F800827-D95E-4DD1-8DA7-C54468BB73F7}"
EndProject
Global
	GlobalSection(SolutionConfigurationPlatforms) = preSolution
		Debug|Any CPU = Debug|Any CPU
		Release|Any CPU = Release|Any CPU
	EndGlobalSection
	GlobalSection(ProjectConfigurationPlatforms) = postSolution
		{1F800827-D95E-4DD1-8DA7-C54468BB73F7}.Debug|Any CPU.ActiveCfg = Debug|Any CPU
		{1F800827-D95E-4DD1-8DA7-C54468BB73F7}.Debug|Any CPU.Build.0 = Debug|Any CPU
		{1F800827-D95E-4DD1-8DA7-C54468BB73F7}.Release|Any CPU.ActiveCfg = Release|Any CPU
		{1F800827-D95E-4DD1-8DA7-C54468BB73F7}.Release|Any CPU.Build.0 = Release|Any CPU
	EndGlobalSection
	GlobalSection(SolutionProperties) = preSolution
		HideSolutionNode = FALSE
	EndGlobalSection
	GlobalSection(ExtensibilityGlobals) = postSolution
		SolutionGuid = {92DE0D17-039E-41DF-81D0-094996CE82F9}
	EndGlobalSection
EndGlobal
